
Microsoft Visual Studio Solution File, Format Version 12.00
# Visual Studio Version 16
VisualStudioVersion = 16.0.30011.22
MinimumVisualStudioVersion = 10.0.40219.1
Project("{FAE04EC0-301F-11D3-BF4B-00C04F79EFBC}") = "RealTimeCryptoBlazor", "RealTimeCryptoBlazor.csproj", "{0630BA9E-ED90-44D5-87C9-17009BE9B5D3}"
EndProject
Global
	GlobalSection(SolutionConfigurationPlatforms) = preSolution
		Debug|Any CPU = Debug|Any CPU
		Release|Any CPU = Release|Any CPU
	EndGlobalSection
	GlobalSection(ProjectConfigurationPlatforms) = postSolution
		{0630BA9E-ED90-44D5-87C9-17009BE9B5D3}.Debug|Any CPU.ActiveCfg = Debug|Any CPU
		{0630BA9E-ED90-44D5-87C9-17009BE9B5D3}.Debug|Any CPU.Build.0 = Debug|Any CPU
		{0630BA9E-ED90-44D5-87C9-17009BE9B5D3}.Release|Any CPU.ActiveCfg = Release|Any CPU
		{0630BA9E-ED90-44D5-87C9-17009BE9B5D3}.Release|Any CPU.Build.0 = Release|Any CPU
	EndGlobalSection
	GlobalSection(SolutionProperties) = preSolution
		HideSolutionNode = FALSE
	EndGlobalSection
	GlobalSection(ExtensibilityGlobals) = postSolution
		SolutionGuid = {FA245CE5-2900-467C-9ACC-60709235439F}
	EndGlobalSection
EndGlobal
